<Solution>
  <Folder Name="/samples/">
    <Project Path="samples/EasyIni.Samples/EasyIni.Samples.csproj" />
  </Folder>
  <Folder Name="/src/">
    <Project Path="src/EasyIni/EasyIni.csproj" />
  </Folder>
  <Folder Name="/tests/">
    <Project Path="tests/EasyIni.Tests/EasyIni.Tests.csproj" />
  </Folder>
</Solution>
